
Microsoft Visual Studio Solution File, Format Version 12.00
# Visual Studio 14
VisualStudioVersion = 14.0.24720.0
MinimumVisualStudioVersion = 10.0.40219.1
Project("{FAE04EC0-301F-11D3-BF4B-00C04F79EFBC}") = "PackageSigning", "PackageSigning\PackageSigning.csproj", "{C4D7610A-8B14-422B-BCC9-CB42A713D585}"
EndProject
Project("{FAE04EC0-301F-11D3-BF4B-00C04F79EFBC}") = "PackageSigning.Tests", "PackageSigning.Tests\PackageSigning.Tests.csproj", "{8B8A3763-14C1-4478-B4D2-CCEC10A950BA}"
EndProject
Project("{2150E333-8FDC-42A3-9474-1A3956D46DE8}") = "Tests", "Tests", "{9E5E991F-6B50-4900-82F0-608C0937F152}"
EndProject
Global
	GlobalSection(SolutionConfigurationPlatforms) = preSolution
		Debug|Any CPU = Debug|Any CPU
		Release|Any CPU = Release|Any CPU
	EndGlobalSection
	GlobalSection(ProjectConfigurationPlatforms) = postSolution
		{C4D7610A-8B14-422B-BCC9-CB42A713D585}.Debug|Any CPU.ActiveCfg = Debug|Any CPU
		{C4D7610A-8B14-422B-BCC9-CB42A713D585}.Debug|Any CPU.Build.0 = Debug|Any CPU
		{C4D7610A-8B14-422B-BCC9-CB42A713D585}.Release|Any CPU.ActiveCfg = Release|Any CPU
		{C4D7610A-8B14-422B-BCC9-CB42A713D585}.Release|Any CPU.Build.0 = Release|Any CPU
		{8B8A3763-14C1-4478-B4D2-CCEC10A950BA}.Debug|Any CPU.ActiveCfg = Debug|Any CPU
		{8B8A3763-14C1-4478-B4D2-CCEC10A950BA}.Debug|Any CPU.Build.0 = Debug|Any CPU
		{8B8A3763-14C1-4478-B4D2-CCEC10A950BA}.Release|Any CPU.ActiveCfg = Release|Any CPU
		{8B8A3763-14C1-4478-B4D2-CCEC10A950BA}.Release|Any CPU.Build.0 = Release|Any CPU
	EndGlobalSection
	GlobalSection(SolutionProperties) = preSolution
		HideSolutionNode = FALSE
	EndGlobalSection
	GlobalSection(NestedProjects) = preSolution
		{8B8A3763-14C1-4478-B4D2-CCEC10A950BA} = {9E5E991F-6B50-4900-82F0-608C0937F152}
	EndGlobalSection
EndGlobal
